// !$*UTF8*$!
{
	archiveVersion = 1;
	classes = {
	};
	objectVersion = 50;
	objects = {

/* Begin PBXBuildFile section */
		96527ACF21B9265D00F6B458 /* AppDelegate.swift in Sources */ = {isa = PBXBuildFile; fileRef = 96527ACE21B9265D00F6B458 /* AppDelegate.swift */; };
		96527AD621B9265E00F6B458 /* Assets.xcassets in Resources */ = {isa = PBXBuildFile; fileRef = 96527AD521B9265E00F6B458 /* Assets.xcassets */; };
		96527AD921B9265E00F6B458 /* LaunchScreen.storyboard in Resources */ = {isa = PBXBuildFile; fileRef = 96527AD721B9265E00F6B458 /* LaunchScreen.storyboard */; };
		96527AE421B9282600F6B458 /* StickyHeaderFlowLayoutAttributes.swift in Sources */ = {isa = PBXBuildFile; fileRef = 96527AE321B9282600F6B458 /* StickyHeaderFlowLayoutAttributes.swift */; };
		96527AE621B928A500F6B458 /* StickyHeaderFlowLayout.swift in Sources */ = {isa = PBXBuildFile; fileRef = 96527AE521B928A500F6B458 /* StickyHeaderFlowLayout.swift */; };
		96527AE821B9673700F6B458 /* CollectionParallaxHeader.swift in Sources */ = {isa = PBXBuildFile; fileRef = 96527AE721B9673700F6B458 /* CollectionParallaxHeader.swift */; };
		96527AEA21B967C500F6B458 /* CollectionViewCell.swift in Sources */ = {isa = PBXBuildFile; fileRef = 96527AE921B967C500F6B458 /* CollectionViewCell.swift */; };
		96527AEC21B9680A00F6B458 /* CollectionViewController.swift in Sources */ = {isa = PBXBuildFile; fileRef = 96527AEB21B9680A00F6B458 /* CollectionViewController.swift */; };
		96527AEE21B968E500F6B458 /* CollectionViewSectionHeader.swift in Sources */ = {isa = PBXBuildFile; fileRef = 96527AED21B968E500F6B458 /* CollectionViewSectionHeader.swift */; };
/* End PBXBuildFile section */

/* Begin PBXFileReference section */
		96527ACB21B9265D00F6B458 /* StickyHeaderFlowLayout.app */ = {isa = PBXFileReference; explicitFileType = wrapper.application; includeInIndex = 0; path = StickyHeaderFlowLayout.app; sourceTree = BUILT_PRODUCTS_DIR; };
		96527ACE21B9265D00F6B458 /* AppDelegate.swift */ = {isa = PBXFileReference; lastKnownFileType = sourcecode.swift; path = AppDelegate.swift; sourceTree = "<group>"; };
		96527AD521B9265E00F6B458 /* Assets.xcassets */ = {isa = PBXFileReference; lastKnownFileType = folder.assetcatalog; path = Assets.xcassets; sourceTree = "<group>"; };
		96527AD821B9265E00F6B458 /* Base */ = {isa = PBXFileReference; lastKnownFileType = file.storyboard; name = Base; path = Base.lproj/LaunchScreen.storyboard; sourceTree = "<group>"; };
		96527ADA21B9265E00F6B458 /* Info.plist */ = {isa = PBXFileReference; lastKnownFileType = text.plist.xml; path = Info.plist; sourceTree = "<group>"; };
		96527AE321B9282600F6B458 /* StickyHeaderFlowLayoutAttributes.swift */ = {isa = PBXFileReference; lastKnownFileType = sourcecode.swift; path = StickyHeaderFlowLayoutAttributes.swift; sourceTree = "<group>"; };
		96527AE521B928A500F6B458 /* StickyHeaderFlowLayout.swift */ = {isa = PBXFileReference; lastKnownFileType = sourcecode.swift; path = StickyHeaderFlowLayout.swift; sourceTree = "<group>"; };
		96527AE721B9673700F6B458 /* CollectionParallaxHeader.swift */ = {isa = PBXFileReference; lastKnownFileType = sourcecode.swift; path = CollectionParallaxHeader.swift; sourceTree = "<group>"; };
		96527AE921B967C500F6B458 /* CollectionViewCell.swift */ = {isa = PBXFileReference; lastKnownFileType = sourcecode.swift; path = CollectionViewCell.swift; sourceTree = "<group>"; };
		96527AEB21B9680A00F6B458 /* CollectionViewController.swift */ = {isa = PBXFileReference; lastKnownFileType = sourcecode.swift; path = CollectionViewController.swift; sourceTree = "<group>"; };
		96527AED21B968E500F6B458 /* CollectionViewSectionHeader.swift */ = {isa = PBXFileReference; lastKnownFileType = sourcecode.swift; path = CollectionViewSectionHeader.swift; sourceTree = "<group>"; };
/* End PBXFileReference section */

/* Begin PBXFrameworksBuildPhase section */
		96527AC821B9265D00F6B458 /* Frameworks */ = {
			isa = PBXFrameworksBuildPhase;
			buildActionMask = 2147483647;
			files = (
			);
			runOnlyForDeploymentPostprocessing = 0;
		};
/* End PBXFrameworksBuildPhase section */

/* Begin PBXGroup section */
		96527AC221B9265D00F6B458 = {
			isa = PBXGroup;
			children = (
				96527ACD21B9265D00F6B458 /* StickyHeaderFlowLayout */,
				96527ACC21B9265D00F6B458 /* Products */,
			);
			indentWidth = 2;
			sourceTree = "<group>";
			tabWidth = 2;
		};
		96527ACC21B9265D00F6B458 /* Products */ = {
			isa = PBXGroup;
			children = (
				96527ACB21B9265D00F6B458 /* StickyHeaderFlowLayout.app */,
			);
			name = Products;
			sourceTree = "<group>";
		};
		96527ACD21B9265D00F6B458 /* StickyHeaderFlowLayout */ = {
			isa = PBXGroup;
			children = (
				96527AE221B926C500F6B458 /* Classes */,
				96527ACE21B9265D00F6B458 /* AppDelegate.swift */,
				96527AE721B9673700F6B458 /* CollectionParallaxHeader.swift */,
				96527AE921B967C500F6B458 /* CollectionViewCell.swift */,
				96527AEB21B9680A00F6B458 /* CollectionViewController.swift */,
				96527AED21B968E500F6B458 /* CollectionViewSectionHeader.swift */,
				96527AD521B9265E00F6B458 /* Assets.xcassets */,
				96527AD721B9265E00F6B458 /* LaunchScreen.storyboard */,
				96527ADA21B9265E00F6B458 /* Info.plist */,
			);
			path = StickyHeaderFlowLayout;
			sourceTree = "<group>";
		};
		96527AE221B926C500F6B458 /* Classes */ = {
			isa = PBXGroup;
			children = (
				96527AE321B9282600F6B458 /* StickyHeaderFlowLayoutAttributes.swift */,
				96527AE521B928A500F6B458 /* StickyHeaderFlowLayout.swift */,
			);
			path = Classes;
			sourceTree = "<group>";
		};
/* End PBXGroup section */

/* Begin PBXNativeTarget section */
		96527ACA21B9265D00F6B458 /* StickyHeaderFlowLayout */ = {
			isa = PBXNativeTarget;
			buildConfigurationList = 96527ADD21B9265E00F6B458 /* Build configuration list for PBXNativeTarget "StickyHeaderFlowLayout" */;
			buildPhases = (
				96527AC721B9265D00F6B458 /* Sources */,
				96527AC821B9265D00F6B458 /* Frameworks */,
				96527AC921B9265D00F6B458 /* Resources */,
			);
			buildRules = (
			);
			dependencies = (
			);
			name = StickyHeaderFlowLayout;
			productName = StickyHeaderFlowLayout;
			productReference = 96527ACB21B9265D00F6B458 /* StickyHeaderFlowLayout.app */;
			productType = "com.apple.product-type.application";
		};
/* End PBXNativeTarget section */

/* Begin PBXProject section */
		96527AC321B9265D00F6B458 /* Project object */ = {
			isa = PBXProject;
			attributes = {
				LastSwiftUpdateCheck = 1010;
				LastUpgradeCheck = 1010;
				ORGANIZATIONNAME = "Tsimur Bernikovich";
				TargetAttributes = {
					96527ACA21B9265D00F6B458 = {
						CreatedOnToolsVersion = 10.1;
					};
				};
			};
			buildConfigurationList = 96527AC621B9265D00F6B458 /* Build configuration list for PBXProject "StickyHeaderFlowLayout" */;
			compatibilityVersion = "Xcode 9.3";
			developmentRegion = en;
			hasScannedForEncodings = 0;
			knownRegions = (
				en,
				Base,
			);
			mainGroup = 96527AC221B9265D00F6B458;
			productRefGroup = 96527ACC21B9265D00F6B458 /* Products */;
			projectDirPath = "";
			projectRoot = "";
			targets = (
				96527ACA21B9265D00F6B458 /* StickyHeaderFlowLayout */,
			);
		};
/* End PBXProject section */

/* Begin PBXResourcesBuildPhase section */
		96527AC921B9265D00F6B458 /* Resources */ = {
			isa = PBXResourcesBuildPhase;
			buildActionMask = 2147483647;
			files = (
				96527AD921B9265E00F6B458 /* LaunchScreen.storyboard in Resources */,
				96527AD621B9265E00F6B458 /* Assets.xcassets in Resources */,
			);
			runOnlyForDeploymentPostprocessing = 0;
		};
/* End PBXResourcesBuildPhase section */

/* Begin PBXSourcesBuildPhase section */
		96527AC721B9265D00F6B458 /* Sources */ = {
			isa = PBXSourcesBuildPhase;
			buildActionMask = 2147483647;
			files = (
				96527AE821B9673700F6B458 /* CollectionParallaxHeader.swift in Sources */,
				96527AEA21B967C500F6B458 /* CollectionViewCell.swift in Sources */,
				96527AEE21B968E500F6B458 /* CollectionViewSectionHeader.swift in Sources */,
				96527AE621B928A500F6B458 /* StickyHeaderFlowLayout.swift in Sources */,
				96527AEC21B9680A00F6B458 /* CollectionViewController.swift in Sources */,
				96527AE421B9282600F6B458 /* StickyHeaderFlowLayoutAttributes.swift in Sources */,
				96527ACF21B9265D00F6B458 /* AppDelegate.swift in Sources */,
			);
			runOnlyForDeploymentPostprocessing = 0;
		};
/* End PBXSourcesBuildPhase section */

/* Begin PBXVariantGroup section */
		96527AD721B9265E00F6B458 /* LaunchScreen.storyboard */ = {
			isa = PBXVariantGroup;
			children = (
				96527AD821B9265E00F6B458 /* Base */,
			);
			name = LaunchScreen.storyboard;
			sourceTree = "<group>";
		};
/* End PBXVariantGroup section */

/* Begin XCBuildConfiguration section */
		96527ADB21B9265E00F6B458 /* Debug */ = {
			isa = XCBuildConfiguration;
			buildSettings = {
				ALWAYS_SEARCH_USER_PATHS = NO;
				CLANG_ANALYZER_NONNULL = YES;
				CLANG_ANALYZER_NUMBER_OBJECT_CONVERSION = YES_AGGRESSIVE;
				CLANG_CXX_LANGUAGE_STANDARD = "gnu++14";
				CLANG_CXX_LIBRARY = "libc++";
				CLANG_ENABLE_MODULES = YES;
				CLANG_ENABLE_OBJC_ARC = YES;
				CLANG_ENABLE_OBJC_WEAK = YES;
				CLANG_WARN_BLOCK_CAPTURE_AUTORELEASING = YES;
				CLANG_WARN_BOOL_CONVERSION = YES;
				CLANG_WARN_COMMA = YES;
				CLANG_WARN_CONSTANT_CONVERSION = YES;
				CLANG_WARN_DEPRECATED_OBJC_IMPLEMENTATIONS = YES;
				CLANG_WARN_DIRECT_OBJC_ISA_USAGE = YES_ERROR;
				CLANG_WARN_DOCUMENTATION_COMMENTS = YES;
				CLANG_WARN_EMPTY_BODY = YES;
				CLANG_WARN_ENUM_CONVERSION = YES;
				CLANG_WARN_INFINITE_RECURSION = YES;
				CLANG_WARN_INT_CONVERSION = YES;
				CLANG_WARN_NON_LITERAL_NULL_CONVERSION = YES;
				CLANG_WARN_OBJC_IMPLICIT_RETAIN_SELF = YES;
				CLANG_WARN_OBJC_LITERAL_CONVERSION = YES;
				CLANG_WARN_OBJC_ROOT_CLASS = YES_ERROR;
				CLANG_WARN_RANGE_LOOP_ANALYSIS = YES;
				CLANG_WARN_STRICT_PROTOTYPES = YES;
				CLANG_WARN_SUSPICIOUS_MOVE = YES;
				CLANG_WARN_UNGUARDED_AVAILABILITY = YES_AGGRESSIVE;
				CLANG_WARN_UNREACHABLE_CODE = YES;
				CLANG_WARN__DUPLICATE_METHOD_MATCH = YES;
				CODE_SIGN_IDENTITY = "iPhone Developer";
				COPY_PHASE_STRIP = NO;
				DEBUG_INFORMATION_FORMAT = dwarf;
				ENABLE_STRICT_OBJC_MSGSEND = YES;
				ENABLE_TESTABILITY = YES;
				GCC_C_LANGUAGE_STANDARD = gnu11;
				GCC_DYNAMIC_NO_PIC = NO;
				GCC_NO_COMMON_BLOCKS = YES;
				GCC_OPTIMIZATION_LEVEL = 0;
				GCC_PREPROCESSOR_DEFINITIONS = (
					"DEBUG=1",
					"$(inherited)",
				);
				GCC_WARN_64_TO_32_BIT_CONVERSION = YES;
				GCC_WARN_ABOUT_RETURN_TYPE = YES_ERROR;
				GCC_WARN_UNDECLARED_SELECTOR = YES;
				GCC_WARN_UNINITIALIZED_AUTOS = YES_AGGRESSIVE;
				GCC_WARN_UNUSED_FUNCTION = YES;
				GCC_WARN_UNUSED_VARIABLE = YES;
				IPHONEOS_DEPLOYMENT_TARGET = 12.1;
				MTL_ENABLE_DEBUG_INFO = INCLUDE_SOURCE;
				MTL_FAST_MATH = YES;
				ONLY_ACTIVE_ARCH = YES;
				SDKROOT = iphoneos;
				SWIFT_ACTIVE_COMPILATION_CONDITIONS = DEBUG;
				SWIFT_OPTIMIZATION_LEVEL = "-Onone";
			};
			name = Debug;
		};
		96527ADC21B9265E00F6B458 /* Release */ = {
			isa = XCBuildConfiguration;
			buildSettings = {
				ALWAYS_SEARCH_USER_PATHS = NO;
				CLANG_ANALYZER_NONNULL = YES;
				CLANG_ANALYZER_NUMBER_OBJECT_CONVERSION = YES_AGGRESSIVE;
				CLANG_CXX_LANGUAGE_STANDARD = "gnu++14";
				CLANG_CXX_LIBRARY = "libc++";
				CLANG_ENABLE_MODULES = YES;
				CLANG_ENABLE_OBJC_ARC = YES;
				CLANG_ENABLE_OBJC_WEAK = YES;
				CLANG_WARN_BLOCK_CAPTURE_AUTORELEASING = YES;
				CLANG_WARN_BOOL_CONVERSION = YES;
				CLANG_WARN_COMMA = YES;
				CLANG_WARN_CONSTANT_CONVERSION = YES;
				CLANG_WARN_DEPRECATED_OBJC_IMPLEMENTATIONS = YES;
				CLANG_WARN_DIRECT_OBJC_ISA_USAGE = YES_ERROR;
				CLANG_WARN_DOCUMENTATION_COMMENTS = YES;
				CLANG_WARN_EMPTY_BODY = YES;
				CLANG_WARN_ENUM_CONVERSION = YES;
				CLANG_WARN_INFINITE_RECURSION = YES;
				CLANG_WARN_INT_CONVERSION = YES;
				CLANG_WARN_NON_LITERAL_NULL_CONVERSION = YES;
				CLANG_WARN_OBJC_IMPLICIT_RETAIN_SELF = YES;
				CLANG_WARN_OBJC_LITERAL_CONVERSION = YES;
				CLANG_WARN_OBJC_ROOT_CLASS = YES_ERROR;
				CLANG_WARN_RANGE_LOOP_ANALYSIS = YES;
				CLANG_WARN_STRICT_PROTOTYPES = YES;
				CLANG_WARN_SUSPICIOUS_MOVE = YES;
				CLANG_WARN_UNGUARDED_AVAILABILITY = YES_AGGRESSIVE;
				CLANG_WARN_UNREACHABLE_CODE = YES;
				CLANG_WARN__DUPLICATE_METHOD_MATCH = YES;
				CODE_SIGN_IDENTITY = "iPhone Developer";
				COPY_PHASE_STRIP = NO;
				DEBUG_INFORMATION_FORMAT = "dwarf-with-dsym";
				ENABLE_NS_ASSERTIONS = NO;
				ENABLE_STRICT_OBJC_MSGSEND = YES;
				GCC_C_LANGUAGE_STANDARD = gnu11;
				GCC_NO_COMMON_BLOCKS = YES;
				GCC_WARN_64_TO_32_BIT_CONVERSION = YES;
				GCC_WARN_ABOUT_RETURN_TYPE = YES_ERROR;
				GCC_WARN_UNDECLARED_SELECTOR = YES;
				GCC_WARN_UNINITIALIZED_AUTOS = YES_AGGRESSIVE;
				GCC_WARN_UNUSED_FUNCTION = YES;
				GCC_WARN_UNUSED_VARIABLE = YES;
				IPHONEOS_DEPLOYMENT_TARGET = 12.1;
				MTL_ENABLE_DEBUG_INFO = NO;
				MTL_FAST_MATH = YES;
				SDKROOT = iphoneos;
				SWIFT_COMPILATION_MODE = wholemodule;
				SWIFT_OPTIMIZATION_LEVEL = "-O";
				VALIDATE_PRODUCT = YES;
			};
			name = Release;
		};
		96527ADE21B9265E00F6B458 /* Debug */ = {
			isa = XCBuildConfiguration;
			buildSettings = {
				ASSETCATALOG_COMPILER_APPICON_NAME = AppIcon;
				CODE_SIGN_STYLE = Automatic;
				INFOPLIST_FILE = StickyHeaderFlowLayout/Info.plist;
				IPHONEOS_DEPLOYMENT_TARGET = 9.0;
				LD_RUNPATH_SEARCH_PATHS = (
					"$(inherited)",
					"@executable_path/Frameworks",
				);
				PRODUCT_BUNDLE_IDENTIFIER = MuchWow.StickyHeaderFlowLayout;
				PRODUCT_NAME = "$(TARGET_NAME)";
				SWIFT_VERSION = 4.2;
				TARGETED_DEVICE_FAMILY = "1,2";
			};
			name = Debug;
		};
		96527ADF21B9265E00F6B458 /* Release */ = {
			isa = XCBuildConfiguration;
			buildSettings = {
				ASSETCATALOG_COMPILER_APPICON_NAME = AppIcon;
				CODE_SIGN_STYLE = Automatic;
				INFOPLIST_FILE = StickyHeaderFlowLayout/Info.plist;
				IPHONEOS_DEPLOYMENT_TARGET = 9.0;
				LD_RUNPATH_SEARCH_PATHS = (
					"$(inherited)",
					"@executable_path/Frameworks",
				);
				PRODUCT_BUNDLE_IDENTIFIER = MuchWow.StickyHeaderFlowLayout;
				PRODUCT_NAME = "$(TARGET_NAME)";
				SWIFT_VERSION = 4.2;
				TARGETED_DEVICE_FAMILY = "1,2";
			};
			name = Release;
		};
/* End XCBuildConfiguration section */

/* Begin XCConfigurationList section */
		96527AC621B9265D00F6B458 /* Build configuration list for PBXProject "StickyHeaderFlowLayout" */ = {
			isa = XCConfigurationList;
			buildConfigurations = (
				96527ADB21B9265E00F6B458 /* Debug */,
				96527ADC21B9265E00F6B458 /* Release */,
			);
			defaultConfigurationIsVisible = 0;
			defaultConfigurationName = Release;
		};
		96527ADD21B9265E00F6B458 /* Build configuration list for PBXNativeTarget "StickyHeaderFlowLayout" */ = {
			isa = XCConfigurationList;
			buildConfigurations = (
				96527ADE21B9265E00F6B458 /* Debug */,
				96527ADF21B9265E00F6B458 /* Release */,
			);
			defaultConfigurationIsVisible = 0;
			defaultConfigurationName = Release;
		};
/* End XCConfigurationList section */
	};
	rootObject = 96527AC321B9265D00F6B458 /* Project object */;
}
